// !$*UTF8*$!
{
	archiveVersion = 1;
	classes = {
	};
	objectVersion = 56;
	objects = {

/* Begin PBXBuildFile section */
		C2D9EBE529B8DCDE0076FAFD /* main.cpp in Sources */ = {isa = PBXBuildFile; fileRef = C2D9EBE429B8DCDE0076FAFD /* main.cpp */; };
/* End PBXBuildFile section */

/* Begin PBXCopyFilesBuildPhase section */
		C2D9EBDF29B8DCDE0076FAFD /* CopyFiles */ = {
			isa = PBXCopyFilesBuildPhase;
			buildActionMask = 2147483647;
			dstPath = /usr/share/man/man1/;
			dstSubfolderSpec = 0;
			files = (
			);
			runOnlyForDeploymentPostprocessing = 1;
		};
/* End PBXCopyFilesBuildPhase section */

/* Begin PBXFileReference section */
		C21BC4FE29C939BC00940F1E /* Headers.h */ = {isa = PBXFileReference; lastKnownFileType = sourcecode.c.h; path = Headers.h; sourceTree = "<group>"; };
		C25144DF29D19AF800AFFA13 /* CreateFunctions.h */ = {isa = PBXFileReference; lastKnownFileType = sourcecode.c.h; path = CreateFunctions.h; sourceTree = "<group>"; };
		C2D9EBE129B8DCDE0076FAFD /* JSPCA Project */ = {isa = PBXFileReference; explicitFileType = "compiled.mach-o.executable"; includeInIndex = 0; path = "JSPCA Project"; sourceTree = BUILT_PRODUCTS_DIR; };
		C2D9EBE429B8DCDE0076FAFD /* main.cpp */ = {isa = PBXFileReference; lastKnownFileType = sourcecode.cpp.cpp; path = main.cpp; sourceTree = "<group>"; };
		C2D9EBEF29B918C30076FAFD /* Date.h */ = {isa = PBXFileReference; lastKnownFileType = sourcecode.c.h; path = Date.h; sourceTree = "<group>"; };
		C2D9EBF029B919DF0076FAFD /* Client.h */ = {isa = PBXFileReference; lastKnownFileType = sourcecode.c.h; path = Client.h; sourceTree = "<group>"; };
		C2D9EBF129B91A1F0076FAFD /* Animal.h */ = {isa = PBXFileReference; lastKnownFileType = sourcecode.c.h; path = Animal.h; sourceTree = "<group>"; };
		C2D9EBF229B91AF10076FAFD /* Intervention.h */ = {isa = PBXFileReference; lastKnownFileType = sourcecode.c.h; path = Intervention.h; sourceTree = "<group>"; };
		C2D9EBF329B91B660076FAFD /* RemovalService.h */ = {isa = PBXFileReference; lastKnownFileType = sourcecode.c.h; path = RemovalService.h; sourceTree = "<group>"; };
		C2D9EBF429B91BA90076FAFD /* TreatmentOfAnimals.h */ = {isa = PBXFileReference; lastKnownFileType = sourcecode.c.h; path = TreatmentOfAnimals.h; sourceTree = "<group>"; };
		C2D9EBF529B91D8E0076FAFD /* Time.h */ = {isa = PBXFileReference; lastKnownFileType = sourcecode.c.h; path = Time.h; sourceTree = "<group>"; };
/* End PBXFileReference section */

/* Begin PBXFrameworksBuildPhase section */
		C2D9EBDE29B8DCDE0076FAFD /* Frameworks */ = {
			isa = PBXFrameworksBuildPhase;
			buildActionMask = 2147483647;
			files = (
			);
			runOnlyForDeploymentPostprocessing = 0;
		};
/* End PBXFrameworksBuildPhase section */

/* Begin PBXGroup section */
		C2D9EBD829B8DCDE0076FAFD = {
			isa = PBXGroup;
			children = (
				C2D9EBE329B8DCDE0076FAFD /* JSPCA Project */,
				C2D9EBE229B8DCDE0076FAFD /* Products */,
			);
			sourceTree = "<group>";
		};
		C2D9EBE229B8DCDE0076FAFD /* Products */ = {
			isa = PBXGroup;
			children = (
				C2D9EBE129B8DCDE0076FAFD /* JSPCA Project */,
			);
			name = Products;
			sourceTree = "<group>";
		};
		C2D9EBE329B8DCDE0076FAFD /* JSPCA Project */ = {
			isa = PBXGroup;
			children = (
				C2D9EBE429B8DCDE0076FAFD /* main.cpp */,
				C2D9EBEF29B918C30076FAFD /* Date.h */,
				C2D9EBF029B919DF0076FAFD /* Client.h */,
				C2D9EBF129B91A1F0076FAFD /* Animal.h */,
				C2D9EBF229B91AF10076FAFD /* Intervention.h */,
				C2D9EBF329B91B660076FAFD /* RemovalService.h */,
				C2D9EBF429B91BA90076FAFD /* TreatmentOfAnimals.h */,
				C2D9EBF529B91D8E0076FAFD /* Time.h */,
				C21BC4FE29C939BC00940F1E /* Headers.h */,
				C25144DF29D19AF800AFFA13 /* CreateFunctions.h */,
			);
			path = "JSPCA Project";
			sourceTree = "<group>";
		};
/* End PBXGroup section */

/* Begin PBXNativeTarget section */
		C2D9EBE029B8DCDE0076FAFD /* JSPCA Project */ = {
			isa = PBXNativeTarget;
			buildConfigurationList = C2D9EBE829B8DCDE0076FAFD /* Build configuration list for PBXNativeTarget "JSPCA Project" */;
			buildPhases = (
				C2D9EBDD29B8DCDE0076FAFD /* Sources */,
				C2D9EBDE29B8DCDE0076FAFD /* Frameworks */,
				C2D9EBDF29B8DCDE0076FAFD /* CopyFiles */,
			);
			buildRules = (
			);
			dependencies = (
			);
			name = "JSPCA Project";
			productName = "JSPCA Project";
			productReference = C2D9EBE129B8DCDE0076FAFD /* JSPCA Project */;
			productType = "com.apple.product-type.tool";
		};
/* End PBXNativeTarget section */

/* Begin PBXProject section */
		C2D9EBD929B8DCDE0076FAFD /* Project object */ = {
			isa = PBXProject;
			attributes = {
				BuildIndependentTargetsInParallel = 1;
				LastUpgradeCheck = 1420;
				TargetAttributes = {
					C2D9EBE029B8DCDE0076FAFD = {
						CreatedOnToolsVersion = 14.2;
					};
				};
			};
			buildConfigurationList = C2D9EBDC29B8DCDE0076FAFD /* Build configuration list for PBXProject "JSPCA Project" */;
			compatibilityVersion = "Xcode 14.0";
			developmentRegion = en;
			hasScannedForEncodings = 0;
			knownRegions = (
				en,
				Base,
			);
			mainGroup = C2D9EBD829B8DCDE0076FAFD;
			productRefGroup = C2D9EBE229B8DCDE0076FAFD /* Products */;
			projectDirPath = "";
			projectRoot = "";
			targets = (
				C2D9EBE029B8DCDE0076FAFD /* JSPCA Project */,
			);
		};
/* End PBXProject section */

/* Begin PBXSourcesBuildPhase section */
		C2D9EBDD29B8DCDE0076FAFD /* Sources */ = {
			isa = PBXSourcesBuildPhase;
			buildActionMask = 2147483647;
			files = (
				C2D9EBE529B8DCDE0076FAFD /* main.cpp in Sources */,
			);
			runOnlyForDeploymentPostprocessing = 0;
		};
/* End PBXSourcesBuildPhase section */

/* Begin XCBuildConfiguration section */
		C2D9EBE629B8DCDE0076FAFD /* Debug */ = {
			isa = XCBuildConfiguration;
			buildSettings = {
				ALWAYS_SEARCH_USER_PATHS = NO;
				CLANG_ANALYZER_NONNULL = YES;
				CLANG_ANALYZER_NUMBER_OBJECT_CONVERSION = YES_AGGRESSIVE;
				CLANG_CXX_LANGUAGE_STANDARD = "gnu++20";
				CLANG_ENABLE_MODULES = YES;
				CLANG_ENABLE_OBJC_ARC = YES;
				CLANG_ENABLE_OBJC_WEAK = YES;
				CLANG_WARN_BLOCK_CAPTURE_AUTORELEASING = YES;
				CLANG_WARN_BOOL_CONVERSION = YES;
				CLANG_WARN_COMMA = YES;
				CLANG_WARN_CONSTANT_CONVERSION = YES;
				CLANG_WARN_DEPRECATED_OBJC_IMPLEMENTATIONS = YES;
				CLANG_WARN_DIRECT_OBJC_ISA_USAGE = YES_ERROR;
				CLANG_WARN_DOCUMENTATION_COMMENTS = YES;
				CLANG_WARN_EMPTY_BODY = YES;
				CLANG_WARN_ENUM_CONVERSION = YES;
				CLANG_WARN_INFINITE_RECURSION = YES;
				CLANG_WARN_INT_CONVERSION = YES;
				CLANG_WARN_NON_LITERAL_NULL_CONVERSION = YES;
				CLANG_WARN_OBJC_IMPLICIT_RETAIN_SELF = YES;
				CLANG_WARN_OBJC_LITERAL_CONVERSION = YES;
				CLANG_WARN_OBJC_ROOT_CLASS = YES_ERROR;
				CLANG_WARN_QUOTED_INCLUDE_IN_FRAMEWORK_HEADER = YES;
				CLANG_WARN_RANGE_LOOP_ANALYSIS = YES;
				CLANG_WARN_STRICT_PROTOTYPES = YES;
				CLANG_WARN_SUSPICIOUS_MOVE = YES;
				CLANG_WARN_UNGUARDED_AVAILABILITY = YES_AGGRESSIVE;
				CLANG_WARN_UNREACHABLE_CODE = YES;
				CLANG_WARN__DUPLICATE_METHOD_MATCH = YES;
				COPY_PHASE_STRIP = NO;
				DEBUG_INFORMATION_FORMAT = dwarf;
				ENABLE_STRICT_OBJC_MSGSEND = YES;
				ENABLE_TESTABILITY = YES;
				GCC_C_LANGUAGE_STANDARD = gnu11;
				GCC_DYNAMIC_NO_PIC = NO;
				GCC_NO_COMMON_BLOCKS = YES;
				GCC_OPTIMIZATION_LEVEL = 0;
				GCC_PREPROCESSOR_DEFINITIONS = (
					"DEBUG=1",
					"$(inherited)",
				);
				GCC_WARN_64_TO_32_BIT_CONVERSION = YES;
				GCC_WARN_ABOUT_RETURN_TYPE = YES_ERROR;
				GCC_WARN_UNDECLARED_SELECTOR = YES;
				GCC_WARN_UNINITIALIZED_AUTOS = YES_AGGRESSIVE;
				GCC_WARN_UNUSED_FUNCTION = YES;
				GCC_WARN_UNUSED_VARIABLE = YES;
				MACOSX_DEPLOYMENT_TARGET = 13.1;
				MTL_ENABLE_DEBUG_INFO = INCLUDE_SOURCE;
				MTL_FAST_MATH = YES;
				ONLY_ACTIVE_ARCH = YES;
				SDKROOT = macosx;
			};
			name = Debug;
		};
		C2D9EBE729B8DCDE0076FAFD /* Release */ = {
			isa = XCBuildConfiguration;
			buildSettings = {
				ALWAYS_SEARCH_USER_PATHS = NO;
				CLANG_ANALYZER_NONNULL = YES;
				CLANG_ANALYZER_NUMBER_OBJECT_CONVERSION = YES_AGGRESSIVE;
				CLANG_CXX_LANGUAGE_STANDARD = "gnu++20";
				CLANG_ENABLE_MODULES = YES;
				CLANG_ENABLE_OBJC_ARC = YES;
				CLANG_ENABLE_OBJC_WEAK = YES;
				CLANG_WARN_BLOCK_CAPTURE_AUTORELEASING = YES;
				CLANG_WARN_BOOL_CONVERSION = YES;
				CLANG_WARN_COMMA = YES;
				CLANG_WARN_CONSTANT_CONVERSION = YES;
				CLANG_WARN_DEPRECATED_OBJC_IMPLEMENTATIONS = YES;
				CLANG_WARN_DIRECT_OBJC_ISA_USAGE = YES_ERROR;
				CLANG_WARN_DOCUMENTATION_COMMENTS = YES;
				CLANG_WARN_EMPTY_BODY = YES;
				CLANG_WARN_ENUM_CONVERSION = YES;
				CLANG_WARN_INFINITE_RECURSION = YES;
				CLANG_WARN_INT_CONVERSION = YES;
				CLANG_WARN_NON_LITERAL_NULL_CONVERSION = YES;
				CLANG_WARN_OBJC_IMPLICIT_RETAIN_SELF = YES;
				CLANG_WARN_OBJC_LITERAL_CONVERSION = YES;
				CLANG_WARN_OBJC_ROOT_CLASS = YES_ERROR;
				CLANG_WARN_QUOTED_INCLUDE_IN_FRAMEWORK_HEADER = YES;
				CLANG_WARN_RANGE_LOOP_ANALYSIS = YES;
				CLANG_WARN_STRICT_PROTOTYPES = YES;
				CLANG_WARN_SUSPICIOUS_MOVE = YES;
				CLANG_WARN_UNGUARDED_AVAILABILITY = YES_AGGRESSIVE;
				CLANG_WARN_UNREACHABLE_CODE = YES;
				CLANG_WARN__DUPLICATE_METHOD_MATCH = YES;
				COPY_PHASE_STRIP = NO;
				DEBUG_INFORMATION_FORMAT = "dwarf-with-dsym";
				ENABLE_NS_ASSERTIONS = NO;
				ENABLE_STRICT_OBJC_MSGSEND = YES;
				GCC_C_LANGUAGE_STANDARD = gnu11;
				GCC_NO_COMMON_BLOCKS = YES;
				GCC_WARN_64_TO_32_BIT_CONVERSION = YES;
				GCC_WARN_ABOUT_RETURN_TYPE = YES_ERROR;
				GCC_WARN_UNDECLARED_SELECTOR = YES;
				GCC_WARN_UNINITIALIZED_AUTOS = YES_AGGRESSIVE;
				GCC_WARN_UNUSED_FUNCTION = YES;
				GCC_WARN_UNUSED_VARIABLE = YES;
				MACOSX_DEPLOYMENT_TARGET = 13.1;
				MTL_ENABLE_DEBUG_INFO = NO;
				MTL_FAST_MATH = YES;
				SDKROOT = macosx;
			};
			name = Release;
		};
		C2D9EBE929B8DCDE0076FAFD /* Debug */ = {
			isa = XCBuildConfiguration;
			buildSettings = {
				CODE_SIGN_STYLE = Automatic;
				PRODUCT_NAME = "$(TARGET_NAME)";
			};
			name = Debug;
		};
		C2D9EBEA29B8DCDE0076FAFD /* Release */ = {
			isa = XCBuildConfiguration;
			buildSettings = {
				CODE_SIGN_STYLE = Automatic;
				PRODUCT_NAME = "$(TARGET_NAME)";
			};
			name = Release;
		};
/* End XCBuildConfiguration section */

/* Begin XCConfigurationList section */
		C2D9EBDC29B8DCDE0076FAFD /* Build configuration list for PBXProject "JSPCA Project" */ = {
			isa = XCConfigurationList;
			buildConfigurations = (
				C2D9EBE629B8DCDE0076FAFD /* Debug */,
				C2D9EBE729B8DCDE0076FAFD /* Release */,
			);
			defaultConfigurationIsVisible = 0;
			defaultConfigurationName = Release;
		};
		C2D9EBE829B8DCDE0076FAFD /* Build configuration list for PBXNativeTarget "JSPCA Project" */ = {
			isa = XCConfigurationList;
			buildConfigurations = (
				C2D9EBE929B8DCDE0076FAFD /* Debug */,
				C2D9EBEA29B8DCDE0076FAFD /* Release */,
			);
			defaultConfigurationIsVisible = 0;
			defaultConfigurationName = Release;
		};
/* End XCConfigurationList section */
	};
	rootObject = C2D9EBD929B8DCDE0076FAFD /* Project object */;
}
